
Microsoft Visual Studio Solution File, Format Version 12.00
# Visual Studio 15
VisualStudioVersion = 15.0.28010.2036
MinimumVisualStudioVersion = 10.0.40219.1
Project("{9A19103F-16F7-4668-BE54-9A1E7A4F7556}") = "PersonGame.Infrastructure", "PersonGame.Infrastructure\PersonGame.Infrastructure.csproj", "{E8C0BEF2-3B8D-487E-ADE8-DF0EAD1FFB20}"
EndProject
Project("{9A19103F-16F7-4668-BE54-9A1E7A4F7556}") = "PersonGame.Domain", "PersonGame.Domain\PersonGame.Domain.csproj", "{BEDAA46A-DC27-4F83-97D0-0B771EADDD81}"
EndProject
Project("{9A19103F-16F7-4668-BE54-9A1E7A4F7556}") = "PersonGame.Application", "PersonGame.Application\PersonGame.Application.csproj", "{45347B60-3057-41D4-911E-DB29DF4E6E02}"
EndProject
Project("{2150E333-8FDC-42A3-9474-1A3956D46DE8}") = "src", "src", "{5D14650B-2213-4D50-817F-B9D013FCBC53}"
EndProject
Project("{9A19103F-16F7-4668-BE54-9A1E7A4F7556}") = "PersonGameWebApi", "PersonGameWebApi\PersonGameWebApi.csproj", "{5C7E2B60-9AEB-4C0B-BFB9-D6A7E81C8016}"
EndProject
Project("{FAE04EC0-301F-11D3-BF4B-00C04F79EFBC}") = "WebClient", "WebClient\WebClient.csproj", "{D6FBCEC1-8BAB-4DB6-B809-EE5AB5424BB9}"
EndProject
Project("{2150E333-8FDC-42A3-9474-1A3956D46DE8}") = "test", "test", "{5D8AA959-6017-48F8-A4AA-DCF0E7755C57}"
EndProject
Project("{FAE04EC0-301F-11D3-BF4B-00C04F79EFBC}") = "PersonGame.Domain.Test", "PersonGame.Domain.Test\PersonGame.Domain.Test.csproj", "{21D651CA-5E74-4B57-9E3E-541B6F60E118}"
EndProject
Global
	GlobalSection(SolutionConfigurationPlatforms) = preSolution
		Debug|Any CPU = Debug|Any CPU
		Release|Any CPU = Release|Any CPU
	EndGlobalSection
	GlobalSection(ProjectConfigurationPlatforms) = postSolution
		{E8C0BEF2-3B8D-487E-ADE8-DF0EAD1FFB20}.Debug|Any CPU.ActiveCfg = Debug|Any CPU
		{E8C0BEF2-3B8D-487E-ADE8-DF0EAD1FFB20}.Debug|Any CPU.Build.0 = Debug|Any CPU
		{E8C0BEF2-3B8D-487E-ADE8-DF0EAD1FFB20}.Release|Any CPU.ActiveCfg = Release|Any CPU
		{E8C0BEF2-3B8D-487E-ADE8-DF0EAD1FFB20}.Release|Any CPU.Build.0 = Release|Any CPU
		{BEDAA46A-DC27-4F83-97D0-0B771EADDD81}.Debug|Any CPU.ActiveCfg = Debug|Any CPU
		{BEDAA46A-DC27-4F83-97D0-0B771EADDD81}.Debug|Any CPU.Build.0 = Debug|Any CPU
		{BEDAA46A-DC27-4F83-97D0-0B771EADDD81}.Release|Any CPU.ActiveCfg = Release|Any CPU
		{BEDAA46A-DC27-4F83-97D0-0B771EADDD81}.Release|Any CPU.Build.0 = Release|Any CPU
		{45347B60-3057-41D4-911E-DB29DF4E6E02}.Debug|Any CPU.ActiveCfg = Debug|Any CPU
		{45347B60-3057-41D4-911E-DB29DF4E6E02}.Debug|Any CPU.Build.0 = Debug|Any CPU
		{45347B60-3057-41D4-911E-DB29DF4E6E02}.Release|Any CPU.ActiveCfg = Release|Any CPU
		{45347B60-3057-41D4-911E-DB29DF4E6E02}.Release|Any CPU.Build.0 = Release|Any CPU
		{5C7E2B60-9AEB-4C0B-BFB9-D6A7E81C8016}.Debug|Any CPU.ActiveCfg = Debug|Any CPU
		{5C7E2B60-9AEB-4C0B-BFB9-D6A7E81C8016}.Debug|Any CPU.Build.0 = Debug|Any CPU
		{5C7E2B60-9AEB-4C0B-BFB9-D6A7E81C8016}.Release|Any CPU.ActiveCfg = Release|Any CPU
		{5C7E2B60-9AEB-4C0B-BFB9-D6A7E81C8016}.Release|Any CPU.Build.0 = Release|Any CPU
		{D6FBCEC1-8BAB-4DB6-B809-EE5AB5424BB9}.Debug|Any CPU.ActiveCfg = Debug|Any CPU
		{D6FBCEC1-8BAB-4DB6-B809-EE5AB5424BB9}.Debug|Any CPU.Build.0 = Debug|Any CPU
		{D6FBCEC1-8BAB-4DB6-B809-EE5AB5424BB9}.Release|Any CPU.ActiveCfg = Release|Any CPU
		{D6FBCEC1-8BAB-4DB6-B809-EE5AB5424BB9}.Release|Any CPU.Build.0 = Release|Any CPU
		{21D651CA-5E74-4B57-9E3E-541B6F60E118}.Debug|Any CPU.ActiveCfg = Debug|Any CPU
		{21D651CA-5E74-4B57-9E3E-541B6F60E118}.Debug|Any CPU.Build.0 = Debug|Any CPU
		{21D651CA-5E74-4B57-9E3E-541B6F60E118}.Release|Any CPU.ActiveCfg = Release|Any CPU
		{21D651CA-5E74-4B57-9E3E-541B6F60E118}.Release|Any CPU.Build.0 = Release|Any CPU
	EndGlobalSection
	GlobalSection(SolutionProperties) = preSolution
		HideSolutionNode = FALSE
	EndGlobalSection
	GlobalSection(NestedProjects) = preSolution
		{E8C0BEF2-3B8D-487E-ADE8-DF0EAD1FFB20} = {5D14650B-2213-4D50-817F-B9D013FCBC53}
		{BEDAA46A-DC27-4F83-97D0-0B771EADDD81} = {5D14650B-2213-4D50-817F-B9D013FCBC53}
		{45347B60-3057-41D4-911E-DB29DF4E6E02} = {5D14650B-2213-4D50-817F-B9D013FCBC53}
		{21D651CA-5E74-4B57-9E3E-541B6F60E118} = {5D8AA959-6017-48F8-A4AA-DCF0E7755C57}
	EndGlobalSection
	GlobalSection(ExtensibilityGlobals) = postSolution
		SolutionGuid = {CDF53340-B4D8-464F-885D-355E6A98E644}
	EndGlobalSection
EndGlobal
